
Microsoft Visual Studio Solution File, Format Version 12.00
# Visual Studio Version 17
VisualStudioVersion = 17.7.34221.43
MinimumVisualStudioVersion = 10.0.40219.1
Project("{9A19103F-16F7-4668-BE54-9A1E7A4F7556}") = "eCommerce.API", "eCommerce.API\eCommerce.API.csproj", "{401E8888-1835-4949-A548-C01776467D24}"
EndProject
Project("{9A19103F-16F7-4668-BE54-9A1E7A4F7556}") = "eCommerce.Models", "eCommerce.Models\eCommerce.Models.csproj", "{C70316D2-5184-4845-A8F5-92D2AD5E871C}"
EndProject
Project("{FAE04EC0-301F-11D3-BF4B-00C04F79EFBC}") = "eCommerce.Console", "eCommerce.Console\eCommerce.Console.csproj", "{27BF10AC-2A2D-4C37-859F-C594A2F018E0}"
EndProject
Project("{9A19103F-16F7-4668-BE54-9A1E7A4F7556}") = "eCommerce.Models.DataAnnotations", "eCommerce.Models.DataAnnotations\eCommerce.Models.DataAnnotations.csproj", "{25139B0D-62E1-427D-B7A5-B1A4444634B3}"
EndProject
Project("{9A19103F-16F7-4668-BE54-9A1E7A4F7556}") = "eCommerce.Models.FluentAPI", "eCommerce.Models.FluentAPI\eCommerce.Models.FluentAPI.csproj", "{25FF9F01-7FD3-4F76-ACF9-17218762E967}"
EndProject
Project("{FAE04EC0-301F-11D3-BF4B-00C04F79EFBC}") = "eCommerce.Office", "eCommerce.Office\eCommerce.Office.csproj", "{FAB25A11-8FF7-46A6-BA41-B4C684AAB7EB}"
EndProject
Project("{FAE04EC0-301F-11D3-BF4B-00C04F79EFBC}") = "eCommerce.Console.Tracking", "eCommerce.Console.Tracking\eCommerce.Console.Tracking.csproj", "{6103199E-98B3-4AC4-954B-26E05A20848E}"
EndProject
Project("{FAE04EC0-301F-11D3-BF4B-00C04F79EFBC}") = "eCommerce.Console.Query", "eCommerce.Console.Query\eCommerce.Console.Query.csproj", "{DBE749D6-ACC3-490E-A13C-CF451F335A4D}"
EndProject
Global
	GlobalSection(SolutionConfigurationPlatforms) = preSolution
		Debug|Any CPU = Debug|Any CPU
		Release|Any CPU = Release|Any CPU
	EndGlobalSection
	GlobalSection(ProjectConfigurationPlatforms) = postSolution
		{401E8888-1835-4949-A548-C01776467D24}.Debug|Any CPU.ActiveCfg = Debug|Any CPU
		{401E8888-1835-4949-A548-C01776467D24}.Debug|Any CPU.Build.0 = Debug|Any CPU
		{401E8888-1835-4949-A548-C01776467D24}.Release|Any CPU.ActiveCfg = Release|Any CPU
		{401E8888-1835-4949-A548-C01776467D24}.Release|Any CPU.Build.0 = Release|Any CPU
		{C70316D2-5184-4845-A8F5-92D2AD5E871C}.Debug|Any CPU.ActiveCfg = Debug|Any CPU
		{C70316D2-5184-4845-A8F5-92D2AD5E871C}.Debug|Any CPU.Build.0 = Debug|Any CPU
		{C70316D2-5184-4845-A8F5-92D2AD5E871C}.Release|Any CPU.ActiveCfg = Release|Any CPU
		{C70316D2-5184-4845-A8F5-92D2AD5E871C}.Release|Any CPU.Build.0 = Release|Any CPU
		{27BF10AC-2A2D-4C37-859F-C594A2F018E0}.Debug|Any CPU.ActiveCfg = Debug|Any CPU
		{27BF10AC-2A2D-4C37-859F-C594A2F018E0}.Debug|Any CPU.Build.0 = Debug|Any CPU
		{27BF10AC-2A2D-4C37-859F-C594A2F018E0}.Release|Any CPU.ActiveCfg = Release|Any CPU
		{27BF10AC-2A2D-4C37-859F-C594A2F018E0}.Release|Any CPU.Build.0 = Release|Any CPU
		{25139B0D-62E1-427D-B7A5-B1A4444634B3}.Debug|Any CPU.ActiveCfg = Debug|Any CPU
		{25139B0D-62E1-427D-B7A5-B1A4444634B3}.Debug|Any CPU.Build.0 = Debug|Any CPU
		{25139B0D-62E1-427D-B7A5-B1A4444634B3}.Release|Any CPU.ActiveCfg = Release|Any CPU
		{25139B0D-62E1-427D-B7A5-B1A4444634B3}.Release|Any CPU.Build.0 = Release|Any CPU
		{25FF9F01-7FD3-4F76-ACF9-17218762E967}.Debug|Any CPU.ActiveCfg = Debug|Any CPU
		{25FF9F01-7FD3-4F76-ACF9-17218762E967}.Debug|Any CPU.Build.0 = Debug|Any CPU
		{25FF9F01-7FD3-4F76-ACF9-17218762E967}.Release|Any CPU.ActiveCfg = Release|Any CPU
		{25FF9F01-7FD3-4F76-ACF9-17218762E967}.Release|Any CPU.Build.0 = Release|Any CPU
		{FAB25A11-8FF7-46A6-BA41-B4C684AAB7EB}.Debug|Any CPU.ActiveCfg = Debug|Any CPU
		{FAB25A11-8FF7-46A6-BA41-B4C684AAB7EB}.Debug|Any CPU.Build.0 = Debug|Any CPU
		{FAB25A11-8FF7-46A6-BA41-B4C684AAB7EB}.Release|Any CPU.ActiveCfg = Release|Any CPU
		{FAB25A11-8FF7-46A6-BA41-B4C684AAB7EB}.Release|Any CPU.Build.0 = Release|Any CPU
		{6103199E-98B3-4AC4-954B-26E05A20848E}.Debug|Any CPU.ActiveCfg = Debug|Any CPU
		{6103199E-98B3-4AC4-954B-26E05A20848E}.Debug|Any CPU.Build.0 = Debug|Any CPU
		{6103199E-98B3-4AC4-954B-26E05A20848E}.Release|Any CPU.ActiveCfg = Release|Any CPU
		{6103199E-98B3-4AC4-954B-26E05A20848E}.Release|Any CPU.Build.0 = Release|Any CPU
		{DBE749D6-ACC3-490E-A13C-CF451F335A4D}.Debug|Any CPU.ActiveCfg = Debug|Any CPU
		{DBE749D6-ACC3-490E-A13C-CF451F335A4D}.Debug|Any CPU.Build.0 = Debug|Any CPU
		{DBE749D6-ACC3-490E-A13C-CF451F335A4D}.Release|Any CPU.ActiveCfg = Release|Any CPU
		{DBE749D6-ACC3-490E-A13C-CF451F335A4D}.Release|Any CPU.Build.0 = Release|Any CPU
	EndGlobalSection
	GlobalSection(SolutionProperties) = preSolution
		HideSolutionNode = FALSE
	EndGlobalSection
	GlobalSection(ExtensibilityGlobals) = postSolution
		SolutionGuid = {0A815530-7BAE-4FDD-95E4-A06DD53C6F49}
	EndGlobalSection
EndGlobal
